
Microsoft Visual Studio Solution File, Format Version 12.00
# Visual Studio 15
Project("{E53339B2-1760-4266-BCC7-CA923CBCF16C}") = "docker-compose", "docker-compose.dcproj", "{DD1EFC6C-F22E-4673-9613-951FE6FB4217}"
EndProject
Project("{FAE04EC0-301F-11D3-BF4B-00C04F79EFBC}") = "EndpointsMonitoringService", "EndpointsMonitoringService\EndpointsMonitoringService.csproj", "{8CACBDD7-DD2E-4CC4-B9A2-2AB60164FE86}"
EndProject
Project("{FAE04EC0-301F-11D3-BF4B-00C04F79EFBC}") = "EndpointsMonitoringService.UnitTests", "EndpointsMonitoringService.UnitTests\EndpointsMonitoringService.UnitTests.csproj", "{7B63C08F-D34C-4515-B27D-957B0E27C2A4}"
EndProject
Global
	GlobalSection(SolutionConfigurationPlatforms) = preSolution
		Debug|Any CPU = Debug|Any CPU
		Release|Any CPU = Release|Any CPU
	EndGlobalSection
	GlobalSection(ProjectConfigurationPlatforms) = postSolution
		{DD1EFC6C-F22E-4673-9613-951FE6FB4217}.Debug|Any CPU.ActiveCfg = Debug|Any CPU
		{DD1EFC6C-F22E-4673-9613-951FE6FB4217}.Release|Any CPU.ActiveCfg = Release|Any CPU
		{8CACBDD7-DD2E-4CC4-B9A2-2AB60164FE86}.Debug|Any CPU.ActiveCfg = Debug|Any CPU
		{8CACBDD7-DD2E-4CC4-B9A2-2AB60164FE86}.Debug|Any CPU.Build.0 = Debug|Any CPU
		{8CACBDD7-DD2E-4CC4-B9A2-2AB60164FE86}.Release|Any CPU.ActiveCfg = Release|Any CPU
		{8CACBDD7-DD2E-4CC4-B9A2-2AB60164FE86}.Release|Any CPU.Build.0 = Release|Any CPU
		{7B63C08F-D34C-4515-B27D-957B0E27C2A4}.Debug|Any CPU.ActiveCfg = Debug|Any CPU
		{7B63C08F-D34C-4515-B27D-957B0E27C2A4}.Debug|Any CPU.Build.0 = Debug|Any CPU
		{7B63C08F-D34C-4515-B27D-957B0E27C2A4}.Release|Any CPU.ActiveCfg = Release|Any CPU
	EndGlobalSection
	GlobalSection(MonoDevelopProperties) = preSolution
		Policies = $0
		$0.DotNetNamingPolicy = $1
		$1.DirectoryNamespaceAssociation = PrefixedHierarchical
		$0.StandardHeader = $2
		$0.VersionControlPolicy = $3
	EndGlobalSection
EndGlobal
